{
  "version": 4,
  "terraform_version": "1.15.8",
  "serial": 3,
  "lineage": "e4277b22-e4ca-272f-a3d5-2a5696e44e17",
  "outputs": {},
  "resources": [
    {
      "mode": "data",
      "type": "azurerm_client_config",
      "name": "tenant_id",
      "provider": "provider[\"registry.terraform.io/hashicorp/azurerm\"]",
      "instances": [
        {
          "schema_version": 0,
          "attributes": {
            "client_id": "04b07795-8ddb-461a-bbee-02f9e1bf7b46",
            "id": "Y2xpZW50Q29uZmlncy9jbGllbnRJZD0wNGIwNzc5NS04ZGRiLTQ2MWEtYmJlZS0wMmY5ZTFiZjdiNDY7b2JqZWN0SWQ9M2NkZjc1MTctMGViYi00ZjNhLTkwNDctNWI5YzYwYjE3MDJmO3N1YnNjcmlwdGlvbklkPWFhZDhhYzIwLTIyOTctNDExNy1iYjYzLWM2ODljOTdkOGRmOTt0ZW5hbnRJZD04MmFmNjdjNy1kNzNmLTQwNzEtYjYwOC01YjdjMmE1OTY3Zjg=",
            "object_id": "3cdf7517-0ebb-4f3a-9047-5b9c60b1702f",
            "subscription_id": "aad8ac20-2297-4117-bb63-c689c97d8df9",
            "tenant_id": "82af67c7-d73f-4071-b608-5b7c2a5967f8",
            "timeouts": null
          },
          "sensitive_attributes": [],
          "identity_schema_version": 0
        }
      ]
    },
    {
      "mode": "managed",
      "type": "azurerm_key_vault",
      "name": "kv",
      "provider": "provider[\"registry.terraform.io/hashicorp/azurerm\"]",
      "instances": [
        {
          "index_key": "key_vault1",
          "schema_version": 2,
          "attributes": {
            "access_policy": [],
            "contact": [],
            "enable_rbac_authorization": false,
            "enabled_for_deployment": false,
            "enabled_for_disk_encryption": false,
            "enabled_for_template_deployment": false,
            "id": "/subscriptions/aad8ac20-2297-4117-bb63-c689c97d8df9/resourceGroups/rg1/providers/Microsoft.KeyVault/vaults/examplekeyvault28",
            "location": "centralus",
            "name": "examplekeyvault28",
            "network_acls": [
              {
                "bypass": "AzureServices",
                "default_action": "Allow",
                "ip_rules": [],
                "virtual_network_subnet_ids": []
              }
            ],
            "public_network_access_enabled": true,
            "purge_protection_enabled": false,
            "rbac_authorization_enabled": false,
            "resource_group_name": "rg1",
            "sku_name": "standard",
            "soft_delete_retention_days": 90,
            "tags": null,
            "tenant_id": "82af67c7-d73f-4071-b608-5b7c2a5967f8",
            "timeouts": null,
            "vault_uri": "https://examplekeyvault28.vault.azure.net/"
          },
          "sensitive_attributes": [],
          "identity_schema_version": 0,
          "identity": {
            "name": "examplekeyvault28",
            "resource_group_name": "rg1",
            "subscription_id": "aad8ac20-2297-4117-bb63-c689c97d8df9"
          },
          "private": "eyJlMmJmYjczMC1lY2FhLTExZTYtOGY4OC0zNDM2M2JjN2M0YzAiOnsiY3JlYXRlIjoxODAwMDAwMDAwMDAwLCJkZWxldGUiOjE4MDAwMDAwMDAwMDAsInJlYWQiOjMwMDAwMDAwMDAwMCwidXBkYXRlIjoxODAwMDAwMDAwMDAwfSwic2NoZW1hX3ZlcnNpb24iOiIyIn0=",
          "dependencies": [
            "data.azurerm_client_config.tenant_id"
          ]
        }
      ]
    }
  ],
  "check_results": null
}
